
Microsoft Visual Studio Solution File, Format Version 12.00
# Visual Studio Version 17
VisualStudioVersion = 17.0.31903.59
MinimumVisualStudioVersion = 10.0.40219.1
Project("{FAE04EC0-301F-11D3-BF4B-00C04F79EFBC}") = "GameSnapAPI.API", "GameSnapAPI.API\API.csproj", "{78E793A0-5B8C-4C91-92A4-D12B49FDC844}"
EndProject
Project("{FAE04EC0-301F-11D3-BF4B-00C04F79EFBC}") = "GameSnapAPI.Application", "GameSnapAPI.Application\GameSnapAPI.Application.csproj", "{53249264-E3FE-4FA4-B2D5-1E1194AAA1EC}"
EndProject
Project("{FAE04EC0-301F-11D3-BF4B-00C04F79EFBC}") = "GameSnapAPI.Domain", "GameSnapAPI.Domain\GameSnapAPI.Domain.csproj", "{1EFF9A86-C039-4026-B4C2-16FB2E6F44FB}"
EndProject
Project("{FAE04EC0-301F-11D3-BF4B-00C04F79EFBC}") = "GameSnapAPI.Infastructure", "GameSnapAPI.Infastructure\GameSnapAPI.Infastructure.csproj", "{4357CDF2-6D6A-493D-B25F-4773036F9F07}"
EndProject
Global
	GlobalSection(SolutionConfigurationPlatforms) = preSolution
		Debug|Any CPU = Debug|Any CPU
		Release|Any CPU = Release|Any CPU
	EndGlobalSection
	GlobalSection(SolutionProperties) = preSolution
		HideSolutionNode = FALSE
	EndGlobalSection
	GlobalSection(ProjectConfigurationPlatforms) = postSolution
		{78E793A0-5B8C-4C91-92A4-D12B49FDC844}.Debug|Any CPU.ActiveCfg = Debug|Any CPU
		{78E793A0-5B8C-4C91-92A4-D12B49FDC844}.Debug|Any CPU.Build.0 = Debug|Any CPU
		{78E793A0-5B8C-4C91-92A4-D12B49FDC844}.Release|Any CPU.ActiveCfg = Release|Any CPU
		{78E793A0-5B8C-4C91-92A4-D12B49FDC844}.Release|Any CPU.Build.0 = Release|Any CPU
		{53249264-E3FE-4FA4-B2D5-1E1194AAA1EC}.Debug|Any CPU.ActiveCfg = Debug|Any CPU
		{53249264-E3FE-4FA4-B2D5-1E1194AAA1EC}.Debug|Any CPU.Build.0 = Debug|Any CPU
		{53249264-E3FE-4FA4-B2D5-1E1194AAA1EC}.Release|Any CPU.ActiveCfg = Release|Any CPU
		{53249264-E3FE-4FA4-B2D5-1E1194AAA1EC}.Release|Any CPU.Build.0 = Release|Any CPU
		{1EFF9A86-C039-4026-B4C2-16FB2E6F44FB}.Debug|Any CPU.ActiveCfg = Debug|Any CPU
		{1EFF9A86-C039-4026-B4C2-16FB2E6F44FB}.Debug|Any CPU.Build.0 = Debug|Any CPU
		{1EFF9A86-C039-4026-B4C2-16FB2E6F44FB}.Release|Any CPU.ActiveCfg = Release|Any CPU
		{1EFF9A86-C039-4026-B4C2-16FB2E6F44FB}.Release|Any CPU.Build.0 = Release|Any CPU
		{4357CDF2-6D6A-493D-B25F-4773036F9F07}.Debug|Any CPU.ActiveCfg = Debug|Any CPU
		{4357CDF2-6D6A-493D-B25F-4773036F9F07}.Debug|Any CPU.Build.0 = Debug|Any CPU
		{4357CDF2-6D6A-493D-B25F-4773036F9F07}.Release|Any CPU.ActiveCfg = Release|Any CPU
		{4357CDF2-6D6A-493D-B25F-4773036F9F07}.Release|Any CPU.Build.0 = Release|Any CPU
	EndGlobalSection
EndGlobal
